# This file was autogenerated by Stack.
# You should not edit this file by hand.
# For more information, please see the documentation at:
#   https://docs.haskellstack.org/en/stable/topics/lock_files

packages:
- completed:
    commit: 5bca2c1a2a3aa98ecfb19181e7a5ebbf3e212b76
    git: https://github.com/llvm-hs/llvm-hs.git
    name: llvm-hs
    pantry-tree:
      sha256: 21f74a6f51fae6c0a0fcf3e6620a59f341289ac743998b41ed3276fd1b7d8862
      size: 12716
    subdir: llvm-hs
    version: 15.0.0
  original:
    commit: 5bca2c1a2a3aa98ecfb19181e7a5ebbf3e212b76
    git: https://github.com/llvm-hs/llvm-hs.git
    subdir: llvm-hs
- completed:
    commit: 5bca2c1a2a3aa98ecfb19181e7a5ebbf3e212b76
    git: https://github.com/llvm-hs/llvm-hs.git
    name: llvm-hs-pure
    pantry-tree:
      sha256: b512f9e5f8f2b3e3a06bad2fa5ff053a83d817798c7efcd47e254e68c842169d
      size: 2712
    subdir: llvm-hs-pure
    version: 15.0.0
  original:
    commit: 5bca2c1a2a3aa98ecfb19181e7a5ebbf3e212b76
    git: https://github.com/llvm-hs/llvm-hs.git
    subdir: llvm-hs-pure
snapshots:
- completed:
    sha256: a81fb3877c4f9031e1325eb3935122e608d80715dc16b586eb11ddbff8671ecd
    size: 640086
    url: https://raw.githubusercontent.com/commercialhaskell/stackage-snapshots/master/lts/21/25.yaml
  original: lts-21.25
